
Microsoft Visual Studio Solution File, Format Version 12.00
# Visual Studio Version 16
VisualStudioVersion = 16.0.29609.76
MinimumVisualStudioVersion = 10.0.40219.1
Project("{FAE04EC0-301F-11D3-BF4B-00C04F79EFBC}") = "Pellio", "Pellio.csproj", "{3F82DF4E-2952-4F08-B987-06D0D6512884}"
EndProject
Global
	GlobalSection(SolutionConfigurationPlatforms) = preSolution
		Debug|Any CPU = Debug|Any CPU
		Release|Any CPU = Release|Any CPU
	EndGlobalSection
	GlobalSection(ProjectConfigurationPlatforms) = postSolution
		{3F82DF4E-2952-4F08-B987-06D0D6512884}.Debug|Any CPU.ActiveCfg = Debug|Any CPU
		{3F82DF4E-2952-4F08-B987-06D0D6512884}.Debug|Any CPU.Build.0 = Debug|Any CPU
		{3F82DF4E-2952-4F08-B987-06D0D6512884}.Release|Any CPU.ActiveCfg = Release|Any CPU
		{3F82DF4E-2952-4F08-B987-06D0D6512884}.Release|Any CPU.Build.0 = Release|Any CPU
	EndGlobalSection
	GlobalSection(SolutionProperties) = preSolution
		HideSolutionNode = FALSE
	EndGlobalSection
	GlobalSection(ExtensibilityGlobals) = postSolution
		SolutionGuid = {B272BE95-938B-40D2-9AA4-8AEC58CA7341}
	EndGlobalSection
EndGlobal
